__metadata:
  version: 8

"@local/frontend@workspace:plugins/frontend":
  version: 0.0.0-use.local
  resolution: "@local/frontend@workspace:plugins/frontend"
  dependencies:
    react: "npm:^18.0.0"
  languageName: unknown
  linkType: soft

"react@npm:^18.0.0":
  version: 18.2.0
  resolution: "react@npm:18.2.0"
  linkType: hard

"@local/frontend@npm:^1.0.0":
  version: 1.0.0
  resolution: "@local/frontend@npm:1.0.0"
  dependencies:
    "react": "npm:^18.0.0"
  languageName: node
  linkType: hard

"@internal/type-shims@workspace:packages/type-shims":
  version: 0.0.0-use.local
  resolution: "@internal/type-shims@workspace:packages/type-shims"
  languageName: unknown
  linkType: soft
  dependencies:
    "react-dom": "npm:^18.2.0"
    "react": "npm:^18.2.0"
  devDependencies:
    "@types/react": "npm:^18.0.0"
