__metadata:
  version: 8

"@local/plugin@workspace:plugins/plugin":
  version: 0.0.0-use.local
  resolution: "@local/plugin@workspace:plugins/plugin"
  dependencies:
    "@backstage/plugin-catalog-react": "npm:^1.42.0"
  languageName: unknown
  linkType: soft

"@backstage/plugin-catalog-react@npm:^1.42.0":
  version: 1.42.0
  resolution: "@backstage/plugin-catalog-react@npm:1.42.0"
  dependencies:
    "@backstage/core-plugin-api": "npm:^1.10.0"
  languageName: node
  linkType: hard

"@backstage/core-plugin-api@npm:^1.10.0, @backstage/core-plugin-api@npm:^1.42.0":
  version: 1.42.0
  resolution: "@backstage/core-plugin-api@npm:1.42.0"
  languageName: node
  linkType: hard

"@local/plugin@npm:^1.0.0":
  version: 1.0.0
  resolution: "@local/plugin@npm:1.0.0"
  dependencies:
    "@backstage/plugin-catalog-react": "npm:^1.42.0"
  languageName: node
  linkType: hard
